{
  "name": "agentpatrol",
  "version": "1.0.0",
  "lockfileVersion": 3,
  "requires": true,
  "packages": {
    "": {
      "name": "agentpatrol",
      "version": "1.0.0",
      "license": "Apache-2.0",
      "bin": {
        "agentpatrol": "bin/agentpatrol.js"
      },
      "engines": {
        "node": ">=22"
      }
    }
  }
}
